
Microsoft Visual Studio Solution File, Format Version 12.00
# Visual Studio Version 16
VisualStudioVersion = 16.0.31321.278
MinimumVisualStudioVersion = 10.0.40219.1
Project("{FAE04EC0-301F-11D3-BF4B-00C04F79EFBC}") = "TQLEfSalesDb", "TQLEfSalesDb\TQLEfSalesDb.csproj", "{06396A2E-7F41-4B1B-81B7-668E2A7FB0C6}"
EndProject
Global
	GlobalSection(SolutionConfigurationPlatforms) = preSolution
		Debug|Any CPU = Debug|Any CPU
		Release|Any CPU = Release|Any CPU
	EndGlobalSection
	GlobalSection(ProjectConfigurationPlatforms) = postSolution
		{06396A2E-7F41-4B1B-81B7-668E2A7FB0C6}.Debug|Any CPU.ActiveCfg = Debug|Any CPU
		{06396A2E-7F41-4B1B-81B7-668E2A7FB0C6}.Debug|Any CPU.Build.0 = Debug|Any CPU
		{06396A2E-7F41-4B1B-81B7-668E2A7FB0C6}.Release|Any CPU.ActiveCfg = Release|Any CPU
		{06396A2E-7F41-4B1B-81B7-668E2A7FB0C6}.Release|Any CPU.Build.0 = Release|Any CPU
	EndGlobalSection
	GlobalSection(SolutionProperties) = preSolution
		HideSolutionNode = FALSE
	EndGlobalSection
	GlobalSection(ExtensibilityGlobals) = postSolution
		SolutionGuid = {8FEC2DE9-8027-45C8-A398-D94A245B8228}
	EndGlobalSection
EndGlobal
